
Microsoft Visual Studio Solution File, Format Version 12.00
Project("{FAE04EC0-301F-11D3-BF4B-00C04F79EFBC}") = "XPRTZPoolTableClient", "XPRTZPoolTableClient.csproj", "{59355838-BFA9-4200-81FA-292B344510BD}"
EndProject
Global
	GlobalSection(SolutionConfigurationPlatforms) = preSolution
		Debug|Any CPU = Debug|Any CPU
		Release|Any CPU = Release|Any CPU
	EndGlobalSection
	GlobalSection(ProjectConfigurationPlatforms) = postSolution
		{59355838-BFA9-4200-81FA-292B344510BD}.Debug|Any CPU.ActiveCfg = Debug|Any CPU
		{59355838-BFA9-4200-81FA-292B344510BD}.Debug|Any CPU.Build.0 = Debug|Any CPU
		{59355838-BFA9-4200-81FA-292B344510BD}.Release|Any CPU.ActiveCfg = Release|Any CPU
		{59355838-BFA9-4200-81FA-292B344510BD}.Release|Any CPU.Build.0 = Release|Any CPU
	EndGlobalSection
EndGlobal
